// !$*UTF8*$!
{
	archiveVersion = 1;
	classes = {
	};
	objectVersion = 56;
	objects = {

/* Begin PBXBuildFile section */
		DAA738F22AD5D96F002C5A80 /* App.c in Sources */ = {isa = PBXBuildFile; fileRef = DAA738F12AD5D96F002C5A80 /* App.c */; };
		DAA738FA2AD5E830002C5A80 /* compte_structure.c in Sources */ = {isa = PBXBuildFile; fileRef = DAA738F92AD5DA2F002C5A80 /* compte_structure.c */; };
		DABC57862AD67F2E0083B002 /* compte_init.c in Sources */ = {isa = PBXBuildFile; fileRef = DABC57852AD67F2E0083B002 /* compte_init.c */; };
/* End PBXBuildFile section */

/* Begin PBXCopyFilesBuildPhase section */
		DAA738EC2AD5D96F002C5A80 /* CopyFiles */ = {
			isa = PBXCopyFilesBuildPhase;
			buildActionMask = 2147483647;
			dstPath = /usr/share/man/man1/;
			dstSubfolderSpec = 0;
			files = (
			);
			runOnlyForDeploymentPostprocessing = 1;
		};
/* End PBXCopyFilesBuildPhase section */

/* Begin PBXFileReference section */
		DAA738EE2AD5D96F002C5A80 /* Banque C */ = {isa = PBXFileReference; explicitFileType = "compiled.mach-o.executable"; includeInIndex = 0; path = "Banque C"; sourceTree = BUILT_PRODUCTS_DIR; };
		DAA738F12AD5D96F002C5A80 /* App.c */ = {isa = PBXFileReference; lastKnownFileType = sourcecode.c.c; path = App.c; sourceTree = "<group>"; };
		DAA738F82AD5DA2F002C5A80 /* compte_structure.h */ = {isa = PBXFileReference; lastKnownFileType = sourcecode.c.h; path = compte_structure.h; sourceTree = "<group>"; };
		DAA738F92AD5DA2F002C5A80 /* compte_structure.c */ = {isa = PBXFileReference; lastKnownFileType = sourcecode.c.c; path = compte_structure.c; sourceTree = "<group>"; };
		DABC57842AD67F2D0083B002 /* compte_init.h */ = {isa = PBXFileReference; lastKnownFileType = sourcecode.c.h; path = compte_init.h; sourceTree = "<group>"; };
		DABC57852AD67F2E0083B002 /* compte_init.c */ = {isa = PBXFileReference; lastKnownFileType = sourcecode.c.c; path = compte_init.c; sourceTree = "<group>"; };
/* End PBXFileReference section */

/* Begin PBXFrameworksBuildPhase section */
		DAA738EB2AD5D96F002C5A80 /* Frameworks */ = {
			isa = PBXFrameworksBuildPhase;
			buildActionMask = 2147483647;
			files = (
			);
			runOnlyForDeploymentPostprocessing = 0;
		};
/* End PBXFrameworksBuildPhase section */

/* Begin PBXGroup section */
		DAA738E52AD5D96F002C5A80 = {
			isa = PBXGroup;
			children = (
				DAA738F02AD5D96F002C5A80 /* Banque C */,
				DAA738EF2AD5D96F002C5A80 /* Products */,
			);
			sourceTree = "<group>";
		};
		DAA738EF2AD5D96F002C5A80 /* Products */ = {
			isa = PBXGroup;
			children = (
				DAA738EE2AD5D96F002C5A80 /* Banque C */,
			);
			name = Products;
			sourceTree = "<group>";
		};
		DAA738F02AD5D96F002C5A80 /* Banque C */ = {
			isa = PBXGroup;
			children = (
				DABC57872AD692390083B002 /* Ressources */,
				DAA738F12AD5D96F002C5A80 /* App.c */,
			);
			path = "Banque C";
			sourceTree = "<group>";
		};
		DABC57872AD692390083B002 /* Ressources */ = {
			isa = PBXGroup;
			children = (
				DAA738F82AD5DA2F002C5A80 /* compte_structure.h */,
				DAA738F92AD5DA2F002C5A80 /* compte_structure.c */,
				DABC57852AD67F2E0083B002 /* compte_init.c */,
				DABC57842AD67F2D0083B002 /* compte_init.h */,
			);
			path = Ressources;
			sourceTree = "<group>";
		};
/* End PBXGroup section */

/* Begin PBXNativeTarget section */
		DAA738ED2AD5D96F002C5A80 /* Banque C */ = {
			isa = PBXNativeTarget;
			buildConfigurationList = DAA738F52AD5D96F002C5A80 /* Build configuration list for PBXNativeTarget "Banque C" */;
			buildPhases = (
				DAA738EA2AD5D96F002C5A80 /* Sources */,
				DAA738EB2AD5D96F002C5A80 /* Frameworks */,
				DAA738EC2AD5D96F002C5A80 /* CopyFiles */,
			);
			buildRules = (
			);
			dependencies = (
			);
			name = "Banque C";
			productName = "Banque HSBC C";
			productReference = DAA738EE2AD5D96F002C5A80 /* Banque C */;
			productType = "com.apple.product-type.tool";
		};
/* End PBXNativeTarget section */

/* Begin PBXProject section */
		DAA738E62AD5D96F002C5A80 /* Project object */ = {
			isa = PBXProject;
			attributes = {
				BuildIndependentTargetsInParallel = 1;
				LastUpgradeCheck = 1500;
				TargetAttributes = {
					DAA738ED2AD5D96F002C5A80 = {
						CreatedOnToolsVersion = 15.0;
					};
				};
			};
			buildConfigurationList = DAA738E92AD5D96F002C5A80 /* Build configuration list for PBXProject "Banque C" */;
			compatibilityVersion = "Xcode 14.0";
			developmentRegion = en;
			hasScannedForEncodings = 0;
			knownRegions = (
				en,
				Base,
			);
			mainGroup = DAA738E52AD5D96F002C5A80;
			productRefGroup = DAA738EF2AD5D96F002C5A80 /* Products */;
			projectDirPath = "";
			projectRoot = "";
			targets = (
				DAA738ED2AD5D96F002C5A80 /* Banque C */,
			);
		};
/* End PBXProject section */

/* Begin PBXSourcesBuildPhase section */
		DAA738EA2AD5D96F002C5A80 /* Sources */ = {
			isa = PBXSourcesBuildPhase;
			buildActionMask = 2147483647;
			files = (
				DAA738F22AD5D96F002C5A80 /* App.c in Sources */,
				DABC57862AD67F2E0083B002 /* compte_init.c in Sources */,
				DAA738FA2AD5E830002C5A80 /* compte_structure.c in Sources */,
			);
			runOnlyForDeploymentPostprocessing = 0;
		};
/* End PBXSourcesBuildPhase section */

/* Begin XCBuildConfiguration section */
		DAA738F32AD5D96F002C5A80 /* Debug */ = {
			isa = XCBuildConfiguration;
			buildSettings = {
				ALWAYS_SEARCH_USER_PATHS = NO;
				ASSETCATALOG_COMPILER_GENERATE_SWIFT_ASSET_SYMBOL_EXTENSIONS = YES;
				CLANG_ANALYZER_NONNULL = YES;
				CLANG_ANALYZER_NUMBER_OBJECT_CONVERSION = YES_AGGRESSIVE;
				CLANG_CXX_LANGUAGE_STANDARD = "gnu++20";
				CLANG_ENABLE_MODULES = YES;
				CLANG_ENABLE_OBJC_ARC = YES;
				CLANG_ENABLE_OBJC_WEAK = YES;
				CLANG_WARN_BLOCK_CAPTURE_AUTORELEASING = YES;
				CLANG_WARN_BOOL_CONVERSION = YES;
				CLANG_WARN_COMMA = YES;
				CLANG_WARN_CONSTANT_CONVERSION = YES;
				CLANG_WARN_DEPRECATED_OBJC_IMPLEMENTATIONS = YES;
				CLANG_WARN_DIRECT_OBJC_ISA_USAGE = YES_ERROR;
				CLANG_WARN_DOCUMENTATION_COMMENTS = YES;
				CLANG_WARN_EMPTY_BODY = YES;
				CLANG_WARN_ENUM_CONVERSION = YES;
				CLANG_WARN_INFINITE_RECURSION = YES;
				CLANG_WARN_INT_CONVERSION = YES;
				CLANG_WARN_NON_LITERAL_NULL_CONVERSION = YES;
				CLANG_WARN_OBJC_IMPLICIT_RETAIN_SELF = YES;
				CLANG_WARN_OBJC_LITERAL_CONVERSION = YES;
				CLANG_WARN_OBJC_ROOT_CLASS = YES_ERROR;
				CLANG_WARN_QUOTED_INCLUDE_IN_FRAMEWORK_HEADER = YES;
				CLANG_WARN_RANGE_LOOP_ANALYSIS = YES;
				CLANG_WARN_STRICT_PROTOTYPES = YES;
				CLANG_WARN_SUSPICIOUS_MOVE = YES;
				CLANG_WARN_UNGUARDED_AVAILABILITY = YES_AGGRESSIVE;
				CLANG_WARN_UNREACHABLE_CODE = YES;
				CLANG_WARN__DUPLICATE_METHOD_MATCH = YES;
				COPY_PHASE_STRIP = NO;
				DEBUG_INFORMATION_FORMAT = dwarf;
				ENABLE_STRICT_OBJC_MSGSEND = YES;
				ENABLE_TESTABILITY = YES;
				ENABLE_USER_SCRIPT_SANDBOXING = YES;
				GCC_C_LANGUAGE_STANDARD = gnu17;
				GCC_DYNAMIC_NO_PIC = NO;
				GCC_NO_COMMON_BLOCKS = YES;
				GCC_OPTIMIZATION_LEVEL = 0;
				GCC_PREPROCESSOR_DEFINITIONS = (
					"DEBUG=1",
					"$(inherited)",
				);
				GCC_WARN_64_TO_32_BIT_CONVERSION = YES;
				GCC_WARN_ABOUT_RETURN_TYPE = YES_ERROR;
				GCC_WARN_UNDECLARED_SELECTOR = YES;
				GCC_WARN_UNINITIALIZED_AUTOS = YES_AGGRESSIVE;
				GCC_WARN_UNUSED_FUNCTION = YES;
				GCC_WARN_UNUSED_VARIABLE = YES;
				LOCALIZATION_PREFERS_STRING_CATALOGS = YES;
				MACOSX_DEPLOYMENT_TARGET = 14.0;
				MTL_ENABLE_DEBUG_INFO = INCLUDE_SOURCE;
				MTL_FAST_MATH = YES;
				ONLY_ACTIVE_ARCH = YES;
				SDKROOT = macosx;
			};
			name = Debug;
		};
		DAA738F42AD5D96F002C5A80 /* Release */ = {
			isa = XCBuildConfiguration;
			buildSettings = {
				ALWAYS_SEARCH_USER_PATHS = NO;
				ASSETCATALOG_COMPILER_GENERATE_SWIFT_ASSET_SYMBOL_EXTENSIONS = YES;
				CLANG_ANALYZER_NONNULL = YES;
				CLANG_ANALYZER_NUMBER_OBJECT_CONVERSION = YES_AGGRESSIVE;
				CLANG_CXX_LANGUAGE_STANDARD = "gnu++20";
				CLANG_ENABLE_MODULES = YES;
				CLANG_ENABLE_OBJC_ARC = YES;
				CLANG_ENABLE_OBJC_WEAK = YES;
				CLANG_WARN_BLOCK_CAPTURE_AUTORELEASING = YES;
				CLANG_WARN_BOOL_CONVERSION = YES;
				CLANG_WARN_COMMA = YES;
				CLANG_WARN_CONSTANT_CONVERSION = YES;
				CLANG_WARN_DEPRECATED_OBJC_IMPLEMENTATIONS = YES;
				CLANG_WARN_DIRECT_OBJC_ISA_USAGE = YES_ERROR;
				CLANG_WARN_DOCUMENTATION_COMMENTS = YES;
				CLANG_WARN_EMPTY_BODY = YES;
				CLANG_WARN_ENUM_CONVERSION = YES;
				CLANG_WARN_INFINITE_RECURSION = YES;
				CLANG_WARN_INT_CONVERSION = YES;
				CLANG_WARN_NON_LITERAL_NULL_CONVERSION = YES;
				CLANG_WARN_OBJC_IMPLICIT_RETAIN_SELF = YES;
				CLANG_WARN_OBJC_LITERAL_CONVERSION = YES;
				CLANG_WARN_OBJC_ROOT_CLASS = YES_ERROR;
				CLANG_WARN_QUOTED_INCLUDE_IN_FRAMEWORK_HEADER = YES;
				CLANG_WARN_RANGE_LOOP_ANALYSIS = YES;
				CLANG_WARN_STRICT_PROTOTYPES = YES;
				CLANG_WARN_SUSPICIOUS_MOVE = YES;
				CLANG_WARN_UNGUARDED_AVAILABILITY = YES_AGGRESSIVE;
				CLANG_WARN_UNREACHABLE_CODE = YES;
				CLANG_WARN__DUPLICATE_METHOD_MATCH = YES;
				COPY_PHASE_STRIP = NO;
				DEBUG_INFORMATION_FORMAT = "dwarf-with-dsym";
				ENABLE_NS_ASSERTIONS = NO;
				ENABLE_STRICT_OBJC_MSGSEND = YES;
				ENABLE_USER_SCRIPT_SANDBOXING = YES;
				GCC_C_LANGUAGE_STANDARD = gnu17;
				GCC_NO_COMMON_BLOCKS = YES;
				GCC_WARN_64_TO_32_BIT_CONVERSION = YES;
				GCC_WARN_ABOUT_RETURN_TYPE = YES_ERROR;
				GCC_WARN_UNDECLARED_SELECTOR = YES;
				GCC_WARN_UNINITIALIZED_AUTOS = YES_AGGRESSIVE;
				GCC_WARN_UNUSED_FUNCTION = YES;
				GCC_WARN_UNUSED_VARIABLE = YES;
				LOCALIZATION_PREFERS_STRING_CATALOGS = YES;
				MACOSX_DEPLOYMENT_TARGET = 14.0;
				MTL_ENABLE_DEBUG_INFO = NO;
				MTL_FAST_MATH = YES;
				SDKROOT = macosx;
			};
			name = Release;
		};
		DAA738F62AD5D96F002C5A80 /* Debug */ = {
			isa = XCBuildConfiguration;
			buildSettings = {
				CODE_SIGN_STYLE = Automatic;
				PRODUCT_NAME = "$(TARGET_NAME)";
			};
			name = Debug;
		};
		DAA738F72AD5D96F002C5A80 /* Release */ = {
			isa = XCBuildConfiguration;
			buildSettings = {
				CODE_SIGN_STYLE = Automatic;
				PRODUCT_NAME = "$(TARGET_NAME)";
			};
			name = Release;
		};
/* End XCBuildConfiguration section */

/* Begin XCConfigurationList section */
		DAA738E92AD5D96F002C5A80 /* Build configuration list for PBXProject "Banque C" */ = {
			isa = XCConfigurationList;
			buildConfigurations = (
				DAA738F32AD5D96F002C5A80 /* Debug */,
				DAA738F42AD5D96F002C5A80 /* Release */,
			);
			defaultConfigurationIsVisible = 0;
			defaultConfigurationName = Release;
		};
		DAA738F52AD5D96F002C5A80 /* Build configuration list for PBXNativeTarget "Banque C" */ = {
			isa = XCConfigurationList;
			buildConfigurations = (
				DAA738F62AD5D96F002C5A80 /* Debug */,
				DAA738F72AD5D96F002C5A80 /* Release */,
			);
			defaultConfigurationIsVisible = 0;
			defaultConfigurationName = Release;
		};
/* End XCConfigurationList section */
	};
	rootObject = DAA738E62AD5D96F002C5A80 /* Project object */;
}
